<?xml version="1.0" encoding="utf-8"?>
<Project ToolsVersion="4.0" xmlns="http://schemas.microsoft.com/developer/msbuild/2003">
  <ItemGroup>
    <Filter Include="Source Files">
      <UniqueIdentifier>{4FC737F1-C7A5-4376-A066-2A32D752A2FF}</UniqueIdentifier>
      <Extensions>cpp;c;cc;cxx;def;odl;idl;hpj;bat;asm;asmx</Extensions>
    </Filter>
    <Filter Include="Header Files">
      <UniqueIdentifier>{93995380-89BD-4b04-88EB-625FBE52EBFB}</UniqueIdentifier>
      <Extensions>h;hh;hpp;hxx;hm;inl;inc;xsd</Extensions>
    </Filter>
    <Filter Include="Resource Files">
      <UniqueIdentifier>{67DA6AB6-F800-4c08-8B7A-83BB121AAD01}</UniqueIdentifier>
      <Extensions>rc;ico;cur;bmp;dlg;rc2;rct;bin;rgs;gif;jpg;jpeg;jpe;resx;tiff;tif;png;wav;mfcribbon-ms</Extensions>
    </Filter>
    <Filter Include="Source Files\Shaders">
      <UniqueIdentifier>{c360a7ec-7b50-494e-a052-59a8ddd624e6}</UniqueIdentifier>
    </Filter>
    <Filter Include="Media">
      <UniqueIdentifier>{2f9c11e5-0324-4b8d-9213-02bb48d1d6c8}</UniqueIdentifier>
    </Filter>
  </ItemGroup>
  <ItemGroup>
    <ClCompile Include="main.cpp">
      <Filter>Source Files</Filter>
    </ClCompile>
    <ClCompile Include="mesh_load_from_obj.cpp">
      <Filter>Source Files</Filter>
    </ClCompile>
  </ItemGroup>
  <ItemGroup>
    <ClInclude Include="basic_shader.h">
      <Filter>Header Files</Filter>
    </ClInclude>
    <ClInclude Include="st_lijjio_app.h">
      <Filter>Header Files</Filter>
    </ClInclude>
    <ClInclude Include="game_object.h">
      <Filter>Header Files</Filter>
    </ClInclude>
    <ClInclude Include="df_lijjio_app.h">
      <Filter>Header Files</Filter>
    </ClInclude>
    <ClInclude Include="deferred_renderer.h">
      <Filter>Header Files</Filter>
    </ClInclude>
    <ClInclude Include="mesh_load_from_obj.h">
      <Filter>Header Files</Filter>
    </ClInclude>
  </ItemGroup>
  <ItemGroup>
    <FxCompile Include="basic_ps.hlsl">
      <Filter>Source Files\Shaders</Filter>
    </FxCompile>
    <FxCompile Include="basic_vs.hlsl">
      <Filter>Source Files\Shaders</Filter>
    </FxCompile>
    <FxCompile Include="dr_normals_ps.hlsl">
      <Filter>Source Files\Shaders</Filter>
    </FxCompile>
    <FxCompile Include="dr_diffuse_ps.hlsl">
      <Filter>Source Files\Shaders</Filter>
    </FxCompile>
    <FxCompile Include="dr_positions_ps.hlsl">
      <Filter>Source Files\Shaders</Filter>
    </FxCompile>
    <FxCompile Include="ndc_vs.hlsl">
      <Filter>Source Files\Shaders</Filter>
    </FxCompile>
    <FxCompile Include="dr_pointlight_ps.hlsl">
      <Filter>Source Files\Shaders</Filter>
    </FxCompile>
    <FxCompile Include="dr_spec_ps.hlsl">
      <Filter>Source Files\Shaders</Filter>
    </FxCompile>
    <FxCompile Include="dr_dist_ps.hlsl">
      <Filter>Source Files\Shaders</Filter>
    </FxCompile>
  </ItemGroup>
  <ItemGroup>
    <CustomBuild Include="Media\stone.dds" />
    <CustomBuild Include="Media\floor.dds" />
    <CustomBuild Include="Media\stone.dds" />
    <CustomBuild Include="Media\*.obj">
      <Filter>Media</Filter>
    </CustomBuild>
    <CustomBuild Include="Media\floor.dds" />
    <CustomBuild Include="Media\stone.dds" />
    <CustomBuild Include="Media\floor.dds" />
    <CustomBuild Include="Media\stone.dds" />
    <CustomBuild Include="Media\floor.dds" />
    <CustomBuild Include="Media\stone.dds" />
    <CustomBuild Include="Media\org.dds" />
    <CustomBuild Include="Media\stone.dds" />
    <CustomBuild Include="Media\wall.dds" />
    <CustomBuild Include="Media\floor.dds" />
    <CustomBuild Include="Media\stone.dds" />
    <CustomBuild Include="Media\floor.dds" />
    <CustomBuild Include="Media\stone.dds" />
    <CustomBuild Include="Media\crate.dds">
      <Filter>Media</Filter>
    </CustomBuild>
    <CustomBuild Include="Media\floor.dds" />
    <CustomBuild Include="Media\stone.dds" />
    <CustomBuild Include="Media\crate.dds">
      <Filter>Media</Filter>
    </CustomBuild>
    <CustomBuild Include="Media\floor.dds" />
    <CustomBuild Include="Media\stone.dds" />
    <CustomBuild Include="Media\crate.dds">
      <Filter>Media</Filter>
    </CustomBuild>
    <CustomBuild Include="Media\floor.dds" />
    <CustomBuild Include="Media\stone.dds" />
    <CustomBuild Include="Media\knot.obj" />
    <CustomBuild Include="Media\floor.dds" />
    <CustomBuild Include="Media\stone.dds" />
    <CustomBuild Include="Media\floor.dds" />
    <CustomBuild Include="Media\stone.dds" />
    <CustomBuild Include="Media\crate.dds">
      <Filter>Media</Filter>
    </CustomBuild>
    <CustomBuild Include="Media\org.dds" />
    <CustomBuild Include="Media\stone.dds" />
    <CustomBuild Include="Media\wall.dds" />
    <CustomBuild Include="Media\knot.obj" />
    <CustomBuild Include="Media\crate.dds">
      <Filter>Media</Filter>
    </CustomBuild>
    <CustomBuild Include="Media\org.dds" />
    <CustomBuild Include="Media\stone.dds" />
    <CustomBuild Include="Media\wall.dds" />
    <CustomBuild Include="Media\org.dds">
      <Filter>Media</Filter>
    </CustomBuild>
    <CustomBuild Include="Media\*.obj" />
  </ItemGroup>
</Project>